
Microsoft Visual Studio Solution File, Format Version 12.00
# Visual Studio 15
VisualStudioVersion = 15.0.26403.0
MinimumVisualStudioVersion = 10.0.40219.1
Project("{FAE04EC0-301F-11D3-BF4B-00C04F79EFBC}") = "GIT_Test", "GIT_Test\GIT_Test.csproj", "{29166ED5-8F79-4F23-8F07-58A55A2488EB}"
EndProject
Global
	GlobalSection(SolutionConfigurationPlatforms) = preSolution
		Debug|Any CPU = Debug|Any CPU
		Release|Any CPU = Release|Any CPU
	EndGlobalSection
	GlobalSection(ProjectConfigurationPlatforms) = postSolution
		{29166ED5-8F79-4F23-8F07-58A55A2488EB}.Debug|Any CPU.ActiveCfg = Debug|Any CPU
		{29166ED5-8F79-4F23-8F07-58A55A2488EB}.Debug|Any CPU.Build.0 = Debug|Any CPU
		{29166ED5-8F79-4F23-8F07-58A55A2488EB}.Release|Any CPU.ActiveCfg = Release|Any CPU
		{29166ED5-8F79-4F23-8F07-58A55A2488EB}.Release|Any CPU.Build.0 = Release|Any CPU
	EndGlobalSection
	GlobalSection(SolutionProperties) = preSolution
		HideSolutionNode = FALSE
	EndGlobalSection
EndGlobal
